<?xml version="1.0" encoding="utf-8"?>
<Project ToolsVersion="16.0" xmlns="http://schemas.microsoft.com/developer/msbuild/2003">
  <ItemGroup>
    <CustomBuild Include="C:\blender-git\build_windows_x64_vc16_Release\CMakeFiles\c1a0a30f7cf70b2e6caf4c02d65d5767\node_absorption_volume.oso.rule">
      <Filter>CMake Rules</Filter>
    </CustomBuild>
    <CustomBuild Include="C:\blender-git\build_windows_x64_vc16_Release\CMakeFiles\c1a0a30f7cf70b2e6caf4c02d65d5767\node_add_closure.oso.rule">
      <Filter>CMake Rules</Filter>
    </CustomBuild>
    <CustomBuild Include="C:\blender-git\build_windows_x64_vc16_Release\CMakeFiles\c1a0a30f7cf70b2e6caf4c02d65d5767\node_ambient_occlusion.oso.rule">
      <Filter>CMake Rules</Filter>
    </CustomBuild>
    <CustomBuild Include="C:\blender-git\build_windows_x64_vc16_Release\CMakeFiles\c1a0a30f7cf70b2e6caf4c02d65d5767\node_anisotropic_bsdf.oso.rule">
      <Filter>CMake Rules</Filter>
    </CustomBuild>
    <CustomBuild Include="C:\blender-git\build_windows_x64_vc16_Release\CMakeFiles\c1a0a30f7cf70b2e6caf4c02d65d5767\node_attribute.oso.rule">
      <Filter>CMake Rules</Filter>
    </CustomBuild>
    <CustomBuild Include="C:\blender-git\build_windows_x64_vc16_Release\CMakeFiles\c1a0a30f7cf70b2e6caf4c02d65d5767\node_background.oso.rule">
      <Filter>CMake Rules</Filter>
    </CustomBuild>
    <CustomBuild Include="C:\blender-git\build_windows_x64_vc16_Release\CMakeFiles\c1a0a30f7cf70b2e6caf4c02d65d5767\node_bevel.oso.rule">
      <Filter>CMake Rules</Filter>
    </CustomBuild>
    <CustomBuild Include="C:\blender-git\build_windows_x64_vc16_Release\CMakeFiles\c1a0a30f7cf70b2e6caf4c02d65d5767\node_blackbody.oso.rule">
      <Filter>CMake Rules</Filter>
    </CustomBuild>
    <CustomBuild Include="C:\blender-git\build_windows_x64_vc16_Release\CMakeFiles\c1a0a30f7cf70b2e6caf4c02d65d5767\node_brick_texture.oso.rule">
      <Filter>CMake Rules</Filter>
    </CustomBuild>
    <CustomBuild Include="C:\blender-git\build_windows_x64_vc16_Release\CMakeFiles\c1a0a30f7cf70b2e6caf4c02d65d5767\node_brightness.oso.rule">
      <Filter>CMake Rules</Filter>
    </CustomBuild>
    <CustomBuild Include="C:\blender-git\build_windows_x64_vc16_Release\CMakeFiles\c1a0a30f7cf70b2e6caf4c02d65d5767\node_bump.oso.rule">
      <Filter>CMake Rules</Filter>
    </CustomBuild>
    <CustomBuild Include="C:\blender-git\build_windows_x64_vc16_Release\CMakeFiles\c1a0a30f7cf70b2e6caf4c02d65d5767\node_camera.oso.rule">
      <Filter>CMake Rules</Filter>
    </CustomBuild>
    <CustomBuild Include="C:\blender-git\build_windows_x64_vc16_Release\CMakeFiles\c1a0a30f7cf70b2e6caf4c02d65d5767\node_checker_texture.oso.rule">
      <Filter>CMake Rules</Filter>
    </CustomBuild>
    <CustomBuild Include="C:\blender-git\build_windows_x64_vc16_Release\CMakeFiles\c1a0a30f7cf70b2e6caf4c02d65d5767\node_clamp.oso.rule">
      <Filter>CMake Rules</Filter>
    </CustomBuild>
    <CustomBuild Include="C:\blender-git\build_windows_x64_vc16_Release\CMakeFiles\c1a0a30f7cf70b2e6caf4c02d65d5767\node_combine_color.oso.rule">
      <Filter>CMake Rules</Filter>
    </CustomBuild>
    <CustomBuild Include="C:\blender-git\build_windows_x64_vc16_Release\CMakeFiles\c1a0a30f7cf70b2e6caf4c02d65d5767\node_combine_hsv.oso.rule">
      <Filter>CMake Rules</Filter>
    </CustomBuild>
    <CustomBuild Include="C:\blender-git\build_windows_x64_vc16_Release\CMakeFiles\c1a0a30f7cf70b2e6caf4c02d65d5767\node_combine_rgb.oso.rule">
      <Filter>CMake Rules</Filter>
    </CustomBuild>
    <CustomBuild Include="C:\blender-git\build_windows_x64_vc16_Release\CMakeFiles\c1a0a30f7cf70b2e6caf4c02d65d5767\node_combine_xyz.oso.rule">
      <Filter>CMake Rules</Filter>
    </CustomBuild>
    <CustomBuild Include="C:\blender-git\build_windows_x64_vc16_Release\CMakeFiles\c1a0a30f7cf70b2e6caf4c02d65d5767\node_convert_from_color.oso.rule">
      <Filter>CMake Rules</Filter>
    </CustomBuild>
    <CustomBuild Include="C:\blender-git\build_windows_x64_vc16_Release\CMakeFiles\c1a0a30f7cf70b2e6caf4c02d65d5767\node_convert_from_float.oso.rule">
      <Filter>CMake Rules</Filter>
    </CustomBuild>
    <CustomBuild Include="C:\blender-git\build_windows_x64_vc16_Release\CMakeFiles\c1a0a30f7cf70b2e6caf4c02d65d5767\node_convert_from_int.oso.rule">
      <Filter>CMake Rules</Filter>
    </CustomBuild>
    <CustomBuild Include="C:\blender-git\build_windows_x64_vc16_Release\CMakeFiles\c1a0a30f7cf70b2e6caf4c02d65d5767\node_convert_from_normal.oso.rule">
      <Filter>CMake Rules</Filter>
    </CustomBuild>
    <CustomBuild Include="C:\blender-git\build_windows_x64_vc16_Release\CMakeFiles\c1a0a30f7cf70b2e6caf4c02d65d5767\node_convert_from_point.oso.rule">
      <Filter>CMake Rules</Filter>
    </CustomBuild>
    <CustomBuild Include="C:\blender-git\build_windows_x64_vc16_Release\CMakeFiles\c1a0a30f7cf70b2e6caf4c02d65d5767\node_convert_from_vector.oso.rule">
      <Filter>CMake Rules</Filter>
    </CustomBuild>
    <CustomBuild Include="C:\blender-git\build_windows_x64_vc16_Release\CMakeFiles\c1a0a30f7cf70b2e6caf4c02d65d5767\node_diffuse_bsdf.oso.rule">
      <Filter>CMake Rules</Filter>
    </CustomBuild>
    <CustomBuild Include="C:\blender-git\build_windows_x64_vc16_Release\CMakeFiles\c1a0a30f7cf70b2e6caf4c02d65d5767\node_displacement.oso.rule">
      <Filter>CMake Rules</Filter>
    </CustomBuild>
    <CustomBuild Include="C:\blender-git\build_windows_x64_vc16_Release\CMakeFiles\c1a0a30f7cf70b2e6caf4c02d65d5767\node_emission.oso.rule">
      <Filter>CMake Rules</Filter>
    </CustomBuild>
    <CustomBuild Include="C:\blender-git\build_windows_x64_vc16_Release\CMakeFiles\c1a0a30f7cf70b2e6caf4c02d65d5767\node_environment_texture.oso.rule">
      <Filter>CMake Rules</Filter>
    </CustomBuild>
    <CustomBuild Include="C:\blender-git\build_windows_x64_vc16_Release\CMakeFiles\c1a0a30f7cf70b2e6caf4c02d65d5767\node_float_curve.oso.rule">
      <Filter>CMake Rules</Filter>
    </CustomBuild>
    <CustomBuild Include="C:\blender-git\build_windows_x64_vc16_Release\CMakeFiles\c1a0a30f7cf70b2e6caf4c02d65d5767\node_fresnel.oso.rule">
      <Filter>CMake Rules</Filter>
    </CustomBuild>
    <CustomBuild Include="C:\blender-git\build_windows_x64_vc16_Release\CMakeFiles\c1a0a30f7cf70b2e6caf4c02d65d5767\node_gamma.oso.rule">
      <Filter>CMake Rules</Filter>
    </CustomBuild>
    <CustomBuild Include="C:\blender-git\build_windows_x64_vc16_Release\CMakeFiles\c1a0a30f7cf70b2e6caf4c02d65d5767\node_geometry.oso.rule">
      <Filter>CMake Rules</Filter>
    </CustomBuild>
    <CustomBuild Include="C:\blender-git\build_windows_x64_vc16_Release\CMakeFiles\c1a0a30f7cf70b2e6caf4c02d65d5767\node_glass_bsdf.oso.rule">
      <Filter>CMake Rules</Filter>
    </CustomBuild>
    <CustomBuild Include="C:\blender-git\build_windows_x64_vc16_Release\CMakeFiles\c1a0a30f7cf70b2e6caf4c02d65d5767\node_glossy_bsdf.oso.rule">
      <Filter>CMake Rules</Filter>
    </CustomBuild>
    <CustomBuild Include="C:\blender-git\build_windows_x64_vc16_Release\CMakeFiles\c1a0a30f7cf70b2e6caf4c02d65d5767\node_gradient_texture.oso.rule">
      <Filter>CMake Rules</Filter>
    </CustomBuild>
    <CustomBuild Include="C:\blender-git\build_windows_x64_vc16_Release\CMakeFiles\c1a0a30f7cf70b2e6caf4c02d65d5767\node_hair_bsdf.oso.rule">
      <Filter>CMake Rules</Filter>
    </CustomBuild>
    <CustomBuild Include="C:\blender-git\build_windows_x64_vc16_Release\CMakeFiles\c1a0a30f7cf70b2e6caf4c02d65d5767\node_hair_info.oso.rule">
      <Filter>CMake Rules</Filter>
    </CustomBuild>
    <CustomBuild Include="C:\blender-git\build_windows_x64_vc16_Release\CMakeFiles\c1a0a30f7cf70b2e6caf4c02d65d5767\node_holdout.oso.rule">
      <Filter>CMake Rules</Filter>
    </CustomBuild>
    <CustomBuild Include="C:\blender-git\build_windows_x64_vc16_Release\CMakeFiles\c1a0a30f7cf70b2e6caf4c02d65d5767\node_hsv.oso.rule">
      <Filter>CMake Rules</Filter>
    </CustomBuild>
    <CustomBuild Include="C:\blender-git\build_windows_x64_vc16_Release\CMakeFiles\c1a0a30f7cf70b2e6caf4c02d65d5767\node_ies_light.oso.rule">
      <Filter>CMake Rules</Filter>
    </CustomBuild>
    <CustomBuild Include="C:\blender-git\build_windows_x64_vc16_Release\CMakeFiles\c1a0a30f7cf70b2e6caf4c02d65d5767\node_image_texture.oso.rule">
      <Filter>CMake Rules</Filter>
    </CustomBuild>
    <CustomBuild Include="C:\blender-git\build_windows_x64_vc16_Release\CMakeFiles\c1a0a30f7cf70b2e6caf4c02d65d5767\node_invert.oso.rule">
      <Filter>CMake Rules</Filter>
    </CustomBuild>
    <CustomBuild Include="C:\blender-git\build_windows_x64_vc16_Release\CMakeFiles\c1a0a30f7cf70b2e6caf4c02d65d5767\node_layer_weight.oso.rule">
      <Filter>CMake Rules</Filter>
    </CustomBuild>
    <CustomBuild Include="C:\blender-git\build_windows_x64_vc16_Release\CMakeFiles\c1a0a30f7cf70b2e6caf4c02d65d5767\node_light_falloff.oso.rule">
      <Filter>CMake Rules</Filter>
    </CustomBuild>
    <CustomBuild Include="C:\blender-git\build_windows_x64_vc16_Release\CMakeFiles\c1a0a30f7cf70b2e6caf4c02d65d5767\node_light_path.oso.rule">
      <Filter>CMake Rules</Filter>
    </CustomBuild>
    <CustomBuild Include="C:\blender-git\build_windows_x64_vc16_Release\CMakeFiles\c1a0a30f7cf70b2e6caf4c02d65d5767\node_magic_texture.oso.rule">
      <Filter>CMake Rules</Filter>
    </CustomBuild>
    <CustomBuild Include="C:\blender-git\build_windows_x64_vc16_Release\CMakeFiles\c1a0a30f7cf70b2e6caf4c02d65d5767\node_map_range.oso.rule">
      <Filter>CMake Rules</Filter>
    </CustomBuild>
    <CustomBuild Include="C:\blender-git\build_windows_x64_vc16_Release\CMakeFiles\c1a0a30f7cf70b2e6caf4c02d65d5767\node_mapping.oso.rule">
      <Filter>CMake Rules</Filter>
    </CustomBuild>
    <CustomBuild Include="C:\blender-git\build_windows_x64_vc16_Release\CMakeFiles\c1a0a30f7cf70b2e6caf4c02d65d5767\node_math.oso.rule">
      <Filter>CMake Rules</Filter>
    </CustomBuild>
    <CustomBuild Include="C:\blender-git\build_windows_x64_vc16_Release\CMakeFiles\c1a0a30f7cf70b2e6caf4c02d65d5767\node_mix.oso.rule">
      <Filter>CMake Rules</Filter>
    </CustomBuild>
    <CustomBuild Include="C:\blender-git\build_windows_x64_vc16_Release\CMakeFiles\c1a0a30f7cf70b2e6caf4c02d65d5767\node_mix_closure.oso.rule">
      <Filter>CMake Rules</Filter>
    </CustomBuild>
    <CustomBuild Include="C:\blender-git\build_windows_x64_vc16_Release\CMakeFiles\c1a0a30f7cf70b2e6caf4c02d65d5767\node_musgrave_texture.oso.rule">
      <Filter>CMake Rules</Filter>
    </CustomBuild>
    <CustomBuild Include="C:\blender-git\build_windows_x64_vc16_Release\CMakeFiles\c1a0a30f7cf70b2e6caf4c02d65d5767\node_noise_texture.oso.rule">
      <Filter>CMake Rules</Filter>
    </CustomBuild>
    <CustomBuild Include="C:\blender-git\build_windows_x64_vc16_Release\CMakeFiles\c1a0a30f7cf70b2e6caf4c02d65d5767\node_normal.oso.rule">
      <Filter>CMake Rules</Filter>
    </CustomBuild>
    <CustomBuild Include="C:\blender-git\build_windows_x64_vc16_Release\CMakeFiles\c1a0a30f7cf70b2e6caf4c02d65d5767\node_normal_map.oso.rule">
      <Filter>CMake Rules</Filter>
    </CustomBuild>
    <CustomBuild Include="C:\blender-git\build_windows_x64_vc16_Release\CMakeFiles\c1a0a30f7cf70b2e6caf4c02d65d5767\node_object_info.oso.rule">
      <Filter>CMake Rules</Filter>
    </CustomBuild>
    <CustomBuild Include="C:\blender-git\build_windows_x64_vc16_Release\CMakeFiles\c1a0a30f7cf70b2e6caf4c02d65d5767\node_output_displacement.oso.rule">
      <Filter>CMake Rules</Filter>
    </CustomBuild>
    <CustomBuild Include="C:\blender-git\build_windows_x64_vc16_Release\CMakeFiles\c1a0a30f7cf70b2e6caf4c02d65d5767\node_output_surface.oso.rule">
      <Filter>CMake Rules</Filter>
    </CustomBuild>
    <CustomBuild Include="C:\blender-git\build_windows_x64_vc16_Release\CMakeFiles\c1a0a30f7cf70b2e6caf4c02d65d5767\node_output_volume.oso.rule">
      <Filter>CMake Rules</Filter>
    </CustomBuild>
    <CustomBuild Include="C:\blender-git\build_windows_x64_vc16_Release\CMakeFiles\c1a0a30f7cf70b2e6caf4c02d65d5767\node_particle_info.oso.rule">
      <Filter>CMake Rules</Filter>
    </CustomBuild>
    <CustomBuild Include="C:\blender-git\build_windows_x64_vc16_Release\CMakeFiles\c1a0a30f7cf70b2e6caf4c02d65d5767\node_point_info.oso.rule">
      <Filter>CMake Rules</Filter>
    </CustomBuild>
    <CustomBuild Include="C:\blender-git\build_windows_x64_vc16_Release\CMakeFiles\c1a0a30f7cf70b2e6caf4c02d65d5767\node_principled_bsdf.oso.rule">
      <Filter>CMake Rules</Filter>
    </CustomBuild>
    <CustomBuild Include="C:\blender-git\build_windows_x64_vc16_Release\CMakeFiles\c1a0a30f7cf70b2e6caf4c02d65d5767\node_principled_hair_bsdf.oso.rule">
      <Filter>CMake Rules</Filter>
    </CustomBuild>
    <CustomBuild Include="C:\blender-git\build_windows_x64_vc16_Release\CMakeFiles\c1a0a30f7cf70b2e6caf4c02d65d5767\node_principled_volume.oso.rule">
      <Filter>CMake Rules</Filter>
    </CustomBuild>
    <CustomBuild Include="C:\blender-git\build_windows_x64_vc16_Release\CMakeFiles\c1a0a30f7cf70b2e6caf4c02d65d5767\node_refraction_bsdf.oso.rule">
      <Filter>CMake Rules</Filter>
    </CustomBuild>
    <CustomBuild Include="C:\blender-git\build_windows_x64_vc16_Release\CMakeFiles\c1a0a30f7cf70b2e6caf4c02d65d5767\node_rgb_curves.oso.rule">
      <Filter>CMake Rules</Filter>
    </CustomBuild>
    <CustomBuild Include="C:\blender-git\build_windows_x64_vc16_Release\CMakeFiles\c1a0a30f7cf70b2e6caf4c02d65d5767\node_rgb_ramp.oso.rule">
      <Filter>CMake Rules</Filter>
    </CustomBuild>
    <CustomBuild Include="C:\blender-git\build_windows_x64_vc16_Release\CMakeFiles\c1a0a30f7cf70b2e6caf4c02d65d5767\node_rgb_to_bw.oso.rule">
      <Filter>CMake Rules</Filter>
    </CustomBuild>
    <CustomBuild Include="C:\blender-git\build_windows_x64_vc16_Release\CMakeFiles\c1a0a30f7cf70b2e6caf4c02d65d5767\node_scatter_volume.oso.rule">
      <Filter>CMake Rules</Filter>
    </CustomBuild>
    <CustomBuild Include="C:\blender-git\build_windows_x64_vc16_Release\CMakeFiles\c1a0a30f7cf70b2e6caf4c02d65d5767\node_separate_color.oso.rule">
      <Filter>CMake Rules</Filter>
    </CustomBuild>
    <CustomBuild Include="C:\blender-git\build_windows_x64_vc16_Release\CMakeFiles\c1a0a30f7cf70b2e6caf4c02d65d5767\node_separate_hsv.oso.rule">
      <Filter>CMake Rules</Filter>
    </CustomBuild>
    <CustomBuild Include="C:\blender-git\build_windows_x64_vc16_Release\CMakeFiles\c1a0a30f7cf70b2e6caf4c02d65d5767\node_separate_rgb.oso.rule">
      <Filter>CMake Rules</Filter>
    </CustomBuild>
    <CustomBuild Include="C:\blender-git\build_windows_x64_vc16_Release\CMakeFiles\c1a0a30f7cf70b2e6caf4c02d65d5767\node_separate_xyz.oso.rule">
      <Filter>CMake Rules</Filter>
    </CustomBuild>
    <CustomBuild Include="C:\blender-git\build_windows_x64_vc16_Release\CMakeFiles\c1a0a30f7cf70b2e6caf4c02d65d5767\node_set_normal.oso.rule">
      <Filter>CMake Rules</Filter>
    </CustomBuild>
    <CustomBuild Include="C:\blender-git\build_windows_x64_vc16_Release\CMakeFiles\c1a0a30f7cf70b2e6caf4c02d65d5767\node_sky_texture.oso.rule">
      <Filter>CMake Rules</Filter>
    </CustomBuild>
    <CustomBuild Include="C:\blender-git\build_windows_x64_vc16_Release\CMakeFiles\c1a0a30f7cf70b2e6caf4c02d65d5767\node_subsurface_scattering.oso.rule">
      <Filter>CMake Rules</Filter>
    </CustomBuild>
    <CustomBuild Include="C:\blender-git\build_windows_x64_vc16_Release\CMakeFiles\c1a0a30f7cf70b2e6caf4c02d65d5767\node_tangent.oso.rule">
      <Filter>CMake Rules</Filter>
    </CustomBuild>
    <CustomBuild Include="C:\blender-git\build_windows_x64_vc16_Release\CMakeFiles\c1a0a30f7cf70b2e6caf4c02d65d5767\node_texture_coordinate.oso.rule">
      <Filter>CMake Rules</Filter>
    </CustomBuild>
    <CustomBuild Include="C:\blender-git\build_windows_x64_vc16_Release\CMakeFiles\c1a0a30f7cf70b2e6caf4c02d65d5767\node_toon_bsdf.oso.rule">
      <Filter>CMake Rules</Filter>
    </CustomBuild>
    <CustomBuild Include="C:\blender-git\build_windows_x64_vc16_Release\CMakeFiles\c1a0a30f7cf70b2e6caf4c02d65d5767\node_translucent_bsdf.oso.rule">
      <Filter>CMake Rules</Filter>
    </CustomBuild>
    <CustomBuild Include="C:\blender-git\build_windows_x64_vc16_Release\CMakeFiles\c1a0a30f7cf70b2e6caf4c02d65d5767\node_transparent_bsdf.oso.rule">
      <Filter>CMake Rules</Filter>
    </CustomBuild>
    <CustomBuild Include="C:\blender-git\build_windows_x64_vc16_Release\CMakeFiles\c1a0a30f7cf70b2e6caf4c02d65d5767\node_uv_map.oso.rule">
      <Filter>CMake Rules</Filter>
    </CustomBuild>
    <CustomBuild Include="C:\blender-git\build_windows_x64_vc16_Release\CMakeFiles\c1a0a30f7cf70b2e6caf4c02d65d5767\node_value.oso.rule">
      <Filter>CMake Rules</Filter>
    </CustomBuild>
    <CustomBuild Include="C:\blender-git\build_windows_x64_vc16_Release\CMakeFiles\c1a0a30f7cf70b2e6caf4c02d65d5767\node_vector_curves.oso.rule">
      <Filter>CMake Rules</Filter>
    </CustomBuild>
    <CustomBuild Include="C:\blender-git\build_windows_x64_vc16_Release\CMakeFiles\c1a0a30f7cf70b2e6caf4c02d65d5767\node_vector_displacement.oso.rule">
      <Filter>CMake Rules</Filter>
    </CustomBuild>
    <CustomBuild Include="C:\blender-git\build_windows_x64_vc16_Release\CMakeFiles\c1a0a30f7cf70b2e6caf4c02d65d5767\node_vector_map_range.oso.rule">
      <Filter>CMake Rules</Filter>
    </CustomBuild>
    <CustomBuild Include="C:\blender-git\build_windows_x64_vc16_Release\CMakeFiles\c1a0a30f7cf70b2e6caf4c02d65d5767\node_vector_math.oso.rule">
      <Filter>CMake Rules</Filter>
    </CustomBuild>
    <CustomBuild Include="C:\blender-git\build_windows_x64_vc16_Release\CMakeFiles\c1a0a30f7cf70b2e6caf4c02d65d5767\node_vector_rotate.oso.rule">
      <Filter>CMake Rules</Filter>
    </CustomBuild>
    <CustomBuild Include="C:\blender-git\build_windows_x64_vc16_Release\CMakeFiles\c1a0a30f7cf70b2e6caf4c02d65d5767\node_vector_transform.oso.rule">
      <Filter>CMake Rules</Filter>
    </CustomBuild>
    <CustomBuild Include="C:\blender-git\build_windows_x64_vc16_Release\CMakeFiles\c1a0a30f7cf70b2e6caf4c02d65d5767\node_velvet_bsdf.oso.rule">
      <Filter>CMake Rules</Filter>
    </CustomBuild>
    <CustomBuild Include="C:\blender-git\build_windows_x64_vc16_Release\CMakeFiles\c1a0a30f7cf70b2e6caf4c02d65d5767\node_vertex_color.oso.rule">
      <Filter>CMake Rules</Filter>
    </CustomBuild>
    <CustomBuild Include="C:\blender-git\build_windows_x64_vc16_Release\CMakeFiles\c1a0a30f7cf70b2e6caf4c02d65d5767\node_voronoi_texture.oso.rule">
      <Filter>CMake Rules</Filter>
    </CustomBuild>
    <CustomBuild Include="C:\blender-git\build_windows_x64_vc16_Release\CMakeFiles\c1a0a30f7cf70b2e6caf4c02d65d5767\node_voxel_texture.oso.rule">
      <Filter>CMake Rules</Filter>
    </CustomBuild>
    <CustomBuild Include="C:\blender-git\build_windows_x64_vc16_Release\CMakeFiles\c1a0a30f7cf70b2e6caf4c02d65d5767\node_wave_texture.oso.rule">
      <Filter>CMake Rules</Filter>
    </CustomBuild>
    <CustomBuild Include="C:\blender-git\build_windows_x64_vc16_Release\CMakeFiles\c1a0a30f7cf70b2e6caf4c02d65d5767\node_wavelength.oso.rule">
      <Filter>CMake Rules</Filter>
    </CustomBuild>
    <CustomBuild Include="C:\blender-git\build_windows_x64_vc16_Release\CMakeFiles\c1a0a30f7cf70b2e6caf4c02d65d5767\node_white_noise_texture.oso.rule">
      <Filter>CMake Rules</Filter>
    </CustomBuild>
    <CustomBuild Include="C:\blender-git\build_windows_x64_vc16_Release\CMakeFiles\c1a0a30f7cf70b2e6caf4c02d65d5767\node_wireframe.oso.rule">
      <Filter>CMake Rules</Filter>
    </CustomBuild>
    <CustomBuild Include="C:\blender-git\build_windows_x64_vc16_Release\CMakeFiles\dcd34f42695f13321a1e3cd146ce15e4\cycles_osl_shaders.rule">
      <Filter>CMake Rules</Filter>
    </CustomBuild>
    <CustomBuild Include="C:\blender-git\goo-engine\intern\cycles\kernel\osl\shaders\CMakeLists.txt" />
  </ItemGroup>
  <ItemGroup>
    <None Include="C:\blender-git\goo-engine\intern\cycles\kernel\osl\shaders\node_add_closure.osl" />
    <None Include="C:\blender-git\goo-engine\intern\cycles\kernel\osl\shaders\node_ambient_occlusion.osl" />
    <None Include="C:\blender-git\goo-engine\intern\cycles\kernel\osl\shaders\node_anisotropic_bsdf.osl" />
    <None Include="C:\blender-git\goo-engine\intern\cycles\kernel\osl\shaders\node_attribute.osl" />
    <None Include="C:\blender-git\goo-engine\intern\cycles\kernel\osl\shaders\node_background.osl" />
    <None Include="C:\blender-git\goo-engine\intern\cycles\kernel\osl\shaders\node_bevel.osl" />
    <None Include="C:\blender-git\goo-engine\intern\cycles\kernel\osl\shaders\node_brick_texture.osl" />
    <None Include="C:\blender-git\goo-engine\intern\cycles\kernel\osl\shaders\node_brightness.osl" />
    <None Include="C:\blender-git\goo-engine\intern\cycles\kernel\osl\shaders\node_bump.osl" />
    <None Include="C:\blender-git\goo-engine\intern\cycles\kernel\osl\shaders\node_camera.osl" />
    <None Include="C:\blender-git\goo-engine\intern\cycles\kernel\osl\shaders\node_checker_texture.osl" />
    <None Include="C:\blender-git\goo-engine\intern\cycles\kernel\osl\shaders\node_clamp.osl" />
    <None Include="C:\blender-git\goo-engine\intern\cycles\kernel\osl\shaders\node_combine_color.osl" />
    <None Include="C:\blender-git\goo-engine\intern\cycles\kernel\osl\shaders\node_combine_rgb.osl" />
    <None Include="C:\blender-git\goo-engine\intern\cycles\kernel\osl\shaders\node_combine_hsv.osl" />
    <None Include="C:\blender-git\goo-engine\intern\cycles\kernel\osl\shaders\node_combine_xyz.osl" />
    <None Include="C:\blender-git\goo-engine\intern\cycles\kernel\osl\shaders\node_convert_from_color.osl" />
    <None Include="C:\blender-git\goo-engine\intern\cycles\kernel\osl\shaders\node_convert_from_float.osl" />
    <None Include="C:\blender-git\goo-engine\intern\cycles\kernel\osl\shaders\node_convert_from_int.osl" />
    <None Include="C:\blender-git\goo-engine\intern\cycles\kernel\osl\shaders\node_convert_from_normal.osl" />
    <None Include="C:\blender-git\goo-engine\intern\cycles\kernel\osl\shaders\node_convert_from_point.osl" />
    <None Include="C:\blender-git\goo-engine\intern\cycles\kernel\osl\shaders\node_convert_from_vector.osl" />
    <None Include="C:\blender-git\goo-engine\intern\cycles\kernel\osl\shaders\node_diffuse_bsdf.osl" />
    <None Include="C:\blender-git\goo-engine\intern\cycles\kernel\osl\shaders\node_displacement.osl" />
    <None Include="C:\blender-git\goo-engine\intern\cycles\kernel\osl\shaders\node_vector_displacement.osl" />
    <None Include="C:\blender-git\goo-engine\intern\cycles\kernel\osl\shaders\node_emission.osl" />
    <None Include="C:\blender-git\goo-engine\intern\cycles\kernel\osl\shaders\node_environment_texture.osl" />
    <None Include="C:\blender-git\goo-engine\intern\cycles\kernel\osl\shaders\node_float_curve.osl" />
    <None Include="C:\blender-git\goo-engine\intern\cycles\kernel\osl\shaders\node_fresnel.osl" />
    <None Include="C:\blender-git\goo-engine\intern\cycles\kernel\osl\shaders\node_gamma.osl" />
    <None Include="C:\blender-git\goo-engine\intern\cycles\kernel\osl\shaders\node_geometry.osl" />
    <None Include="C:\blender-git\goo-engine\intern\cycles\kernel\osl\shaders\node_glass_bsdf.osl" />
    <None Include="C:\blender-git\goo-engine\intern\cycles\kernel\osl\shaders\node_glossy_bsdf.osl" />
    <None Include="C:\blender-git\goo-engine\intern\cycles\kernel\osl\shaders\node_gradient_texture.osl" />
    <None Include="C:\blender-git\goo-engine\intern\cycles\kernel\osl\shaders\node_hair_info.osl" />
    <None Include="C:\blender-git\goo-engine\intern\cycles\kernel\osl\shaders\node_point_info.osl" />
    <None Include="C:\blender-git\goo-engine\intern\cycles\kernel\osl\shaders\node_scatter_volume.osl" />
    <None Include="C:\blender-git\goo-engine\intern\cycles\kernel\osl\shaders\node_absorption_volume.osl" />
    <None Include="C:\blender-git\goo-engine\intern\cycles\kernel\osl\shaders\node_principled_volume.osl" />
    <None Include="C:\blender-git\goo-engine\intern\cycles\kernel\osl\shaders\node_holdout.osl" />
    <None Include="C:\blender-git\goo-engine\intern\cycles\kernel\osl\shaders\node_hsv.osl" />
    <None Include="C:\blender-git\goo-engine\intern\cycles\kernel\osl\shaders\node_ies_light.osl" />
    <None Include="C:\blender-git\goo-engine\intern\cycles\kernel\osl\shaders\node_image_texture.osl" />
    <None Include="C:\blender-git\goo-engine\intern\cycles\kernel\osl\shaders\node_invert.osl" />
    <None Include="C:\blender-git\goo-engine\intern\cycles\kernel\osl\shaders\node_layer_weight.osl" />
    <None Include="C:\blender-git\goo-engine\intern\cycles\kernel\osl\shaders\node_light_falloff.osl" />
    <None Include="C:\blender-git\goo-engine\intern\cycles\kernel\osl\shaders\node_light_path.osl" />
    <None Include="C:\blender-git\goo-engine\intern\cycles\kernel\osl\shaders\node_magic_texture.osl" />
    <None Include="C:\blender-git\goo-engine\intern\cycles\kernel\osl\shaders\node_map_range.osl" />
    <None Include="C:\blender-git\goo-engine\intern\cycles\kernel\osl\shaders\node_mapping.osl" />
    <None Include="C:\blender-git\goo-engine\intern\cycles\kernel\osl\shaders\node_math.osl" />
    <None Include="C:\blender-git\goo-engine\intern\cycles\kernel\osl\shaders\node_mix.osl" />
    <None Include="C:\blender-git\goo-engine\intern\cycles\kernel\osl\shaders\node_mix_closure.osl" />
    <None Include="C:\blender-git\goo-engine\intern\cycles\kernel\osl\shaders\node_musgrave_texture.osl" />
    <None Include="C:\blender-git\goo-engine\intern\cycles\kernel\osl\shaders\node_noise_texture.osl" />
    <None Include="C:\blender-git\goo-engine\intern\cycles\kernel\osl\shaders\node_normal.osl" />
    <None Include="C:\blender-git\goo-engine\intern\cycles\kernel\osl\shaders\node_normal_map.osl" />
    <None Include="C:\blender-git\goo-engine\intern\cycles\kernel\osl\shaders\node_object_info.osl" />
    <None Include="C:\blender-git\goo-engine\intern\cycles\kernel\osl\shaders\node_output_displacement.osl" />
    <None Include="C:\blender-git\goo-engine\intern\cycles\kernel\osl\shaders\node_output_surface.osl" />
    <None Include="C:\blender-git\goo-engine\intern\cycles\kernel\osl\shaders\node_output_volume.osl" />
    <None Include="C:\blender-git\goo-engine\intern\cycles\kernel\osl\shaders\node_particle_info.osl" />
    <None Include="C:\blender-git\goo-engine\intern\cycles\kernel\osl\shaders\node_refraction_bsdf.osl" />
    <None Include="C:\blender-git\goo-engine\intern\cycles\kernel\osl\shaders\node_rgb_curves.osl" />
    <None Include="C:\blender-git\goo-engine\intern\cycles\kernel\osl\shaders\node_rgb_ramp.osl" />
    <None Include="C:\blender-git\goo-engine\intern\cycles\kernel\osl\shaders\node_separate_color.osl" />
    <None Include="C:\blender-git\goo-engine\intern\cycles\kernel\osl\shaders\node_separate_rgb.osl" />
    <None Include="C:\blender-git\goo-engine\intern\cycles\kernel\osl\shaders\node_separate_hsv.osl" />
    <None Include="C:\blender-git\goo-engine\intern\cycles\kernel\osl\shaders\node_separate_xyz.osl" />
    <None Include="C:\blender-git\goo-engine\intern\cycles\kernel\osl\shaders\node_set_normal.osl" />
    <None Include="C:\blender-git\goo-engine\intern\cycles\kernel\osl\shaders\node_sky_texture.osl" />
    <None Include="C:\blender-git\goo-engine\intern\cycles\kernel\osl\shaders\node_subsurface_scattering.osl" />
    <None Include="C:\blender-git\goo-engine\intern\cycles\kernel\osl\shaders\node_tangent.osl" />
    <None Include="C:\blender-git\goo-engine\intern\cycles\kernel\osl\shaders\node_texture_coordinate.osl" />
    <None Include="C:\blender-git\goo-engine\intern\cycles\kernel\osl\shaders\node_toon_bsdf.osl" />
    <None Include="C:\blender-git\goo-engine\intern\cycles\kernel\osl\shaders\node_translucent_bsdf.osl" />
    <None Include="C:\blender-git\goo-engine\intern\cycles\kernel\osl\shaders\node_transparent_bsdf.osl" />
    <None Include="C:\blender-git\goo-engine\intern\cycles\kernel\osl\shaders\node_value.osl" />
    <None Include="C:\blender-git\goo-engine\intern\cycles\kernel\osl\shaders\node_vector_curves.osl" />
    <None Include="C:\blender-git\goo-engine\intern\cycles\kernel\osl\shaders\node_vector_math.osl" />
    <None Include="C:\blender-git\goo-engine\intern\cycles\kernel\osl\shaders\node_vector_map_range.osl" />
    <None Include="C:\blender-git\goo-engine\intern\cycles\kernel\osl\shaders\node_vector_rotate.osl" />
    <None Include="C:\blender-git\goo-engine\intern\cycles\kernel\osl\shaders\node_vector_transform.osl" />
    <None Include="C:\blender-git\goo-engine\intern\cycles\kernel\osl\shaders\node_velvet_bsdf.osl" />
    <None Include="C:\blender-git\goo-engine\intern\cycles\kernel\osl\shaders\node_vertex_color.osl" />
    <None Include="C:\blender-git\goo-engine\intern\cycles\kernel\osl\shaders\node_voronoi_texture.osl" />
    <None Include="C:\blender-git\goo-engine\intern\cycles\kernel\osl\shaders\node_voxel_texture.osl" />
    <None Include="C:\blender-git\goo-engine\intern\cycles\kernel\osl\shaders\node_wavelength.osl" />
    <None Include="C:\blender-git\goo-engine\intern\cycles\kernel\osl\shaders\node_blackbody.osl" />
    <None Include="C:\blender-git\goo-engine\intern\cycles\kernel\osl\shaders\node_wave_texture.osl" />
    <None Include="C:\blender-git\goo-engine\intern\cycles\kernel\osl\shaders\node_white_noise_texture.osl" />
    <None Include="C:\blender-git\goo-engine\intern\cycles\kernel\osl\shaders\node_wireframe.osl" />
    <None Include="C:\blender-git\goo-engine\intern\cycles\kernel\osl\shaders\node_hair_bsdf.osl" />
    <None Include="C:\blender-git\goo-engine\intern\cycles\kernel\osl\shaders\node_principled_hair_bsdf.osl" />
    <None Include="C:\blender-git\goo-engine\intern\cycles\kernel\osl\shaders\node_uv_map.osl" />
    <None Include="C:\blender-git\goo-engine\intern\cycles\kernel\osl\shaders\node_principled_bsdf.osl" />
    <None Include="C:\blender-git\goo-engine\intern\cycles\kernel\osl\shaders\node_rgb_to_bw.osl" />
    <None Include="C:\blender-git\build_windows_x64_vc16_Release\intern\cycles\kernel\osl\shaders\CMakeFiles\cycles_osl_shaders" />
  </ItemGroup>
  <ItemGroup>
    <Filter Include="CMake Rules">
      <UniqueIdentifier>{93D321BE-D925-34CD-9F6A-689691A7BFE0}</UniqueIdentifier>
    </Filter>
  </ItemGroup>
</Project>
