<?xml version="1.0" encoding="utf-8"?>
<Project ToolsVersion="16.0" xmlns="http://schemas.microsoft.com/developer/msbuild/2003">
  <ItemGroup>
    <ClCompile Include="C:\blender-git\goo-engine\source\blender\editors\curves\intern\curves_add.cc">
      <Filter>intern</Filter>
    </ClCompile>
    <ClCompile Include="C:\blender-git\goo-engine\source\blender\editors\curves\intern\curves_ops.cc">
      <Filter>intern</Filter>
    </ClCompile>
  </ItemGroup>
  <ItemGroup>
    <CustomBuild Include="C:\blender-git\goo-engine\source\blender\editors\curves\CMakeLists.txt" />
  </ItemGroup>
  <ItemGroup>
    <Filter Include="intern">
      <UniqueIdentifier>{017BFF33-8AB9-35B3-9AF4-ED3EEF867E66}</UniqueIdentifier>
    </Filter>
  </ItemGroup>
</Project>
