<?xml version="1.0" encoding="utf-8"?>
<Project ToolsVersion="16.0" xmlns="http://schemas.microsoft.com/developer/msbuild/2003">
  <ItemGroup>
    <ClCompile Include="C:\blender-git\goo-engine\source\blender\editors\uvedit\uvedit_buttons.c">
      <Filter>Source Files</Filter>
    </ClCompile>
    <ClCompile Include="C:\blender-git\goo-engine\source\blender\editors\uvedit\uvedit_draw.c">
      <Filter>Source Files</Filter>
    </ClCompile>
    <ClCompile Include="C:\blender-git\goo-engine\source\blender\editors\uvedit\uvedit_islands.c">
      <Filter>Source Files</Filter>
    </ClCompile>
    <ClCompile Include="C:\blender-git\goo-engine\source\blender\editors\uvedit\uvedit_ops.c">
      <Filter>Source Files</Filter>
    </ClCompile>
    <ClCompile Include="C:\blender-git\goo-engine\source\blender\editors\uvedit\uvedit_path.c">
      <Filter>Source Files</Filter>
    </ClCompile>
    <ClCompile Include="C:\blender-git\goo-engine\source\blender\editors\uvedit\uvedit_rip.c">
      <Filter>Source Files</Filter>
    </ClCompile>
    <ClCompile Include="C:\blender-git\goo-engine\source\blender\editors\uvedit\uvedit_select.c">
      <Filter>Source Files</Filter>
    </ClCompile>
    <ClCompile Include="C:\blender-git\goo-engine\source\blender\editors\uvedit\uvedit_smart_stitch.c">
      <Filter>Source Files</Filter>
    </ClCompile>
    <ClCompile Include="C:\blender-git\goo-engine\source\blender\editors\uvedit\uvedit_unwrap_ops.c">
      <Filter>Source Files</Filter>
    </ClCompile>
  </ItemGroup>
  <ItemGroup>
    <ClInclude Include="C:\blender-git\goo-engine\source\blender\editors\uvedit\uvedit_intern.h">
      <Filter>Header Files</Filter>
    </ClInclude>
  </ItemGroup>
  <ItemGroup>
    <CustomBuild Include="C:\blender-git\goo-engine\source\blender\editors\uvedit\CMakeLists.txt" />
  </ItemGroup>
  <ItemGroup>
    <Filter Include="Header Files">
      <UniqueIdentifier>{BF785239-3054-3D1C-9CBE-53CD9878A5F7}</UniqueIdentifier>
    </Filter>
    <Filter Include="Source Files">
      <UniqueIdentifier>{1F461DDB-8F37-3AFA-B6E0-78FA459DB46E}</UniqueIdentifier>
    </Filter>
  </ItemGroup>
</Project>
