<?xml version="1.0" encoding="utf-8"?>
<Project ToolsVersion="16.0" xmlns="http://schemas.microsoft.com/developer/msbuild/2003">
  <ItemGroup>
    <ClCompile Include="C:\blender-git\goo-engine\source\blender\editors\interface\eyedroppers\interface_eyedropper.c">
      <Filter>eyedroppers</Filter>
    </ClCompile>
    <ClCompile Include="C:\blender-git\goo-engine\source\blender\editors\interface\eyedroppers\eyedropper_color.c">
      <Filter>eyedroppers</Filter>
    </ClCompile>
    <ClCompile Include="C:\blender-git\goo-engine\source\blender\editors\interface\eyedroppers\eyedropper_colorband.c">
      <Filter>eyedroppers</Filter>
    </ClCompile>
    <ClCompile Include="C:\blender-git\goo-engine\source\blender\editors\interface\eyedroppers\eyedropper_datablock.c">
      <Filter>eyedroppers</Filter>
    </ClCompile>
    <ClCompile Include="C:\blender-git\goo-engine\source\blender\editors\interface\eyedroppers\eyedropper_depth.c">
      <Filter>eyedroppers</Filter>
    </ClCompile>
    <ClCompile Include="C:\blender-git\goo-engine\source\blender\editors\interface\eyedroppers\eyedropper_driver.c">
      <Filter>eyedroppers</Filter>
    </ClCompile>
    <ClCompile Include="C:\blender-git\goo-engine\source\blender\editors\interface\eyedroppers\eyedropper_gpencil_color.c">
      <Filter>eyedroppers</Filter>
    </ClCompile>
    <ClCompile Include="C:\blender-git\goo-engine\source\blender\editors\interface\interface.cc">
      <Filter>Source Files</Filter>
    </ClCompile>
    <ClCompile Include="C:\blender-git\goo-engine\source\blender\editors\interface\interface_align.c">
      <Filter>Source Files</Filter>
    </ClCompile>
    <ClCompile Include="C:\blender-git\goo-engine\source\blender\editors\interface\interface_anim.c">
      <Filter>Source Files</Filter>
    </ClCompile>
    <ClCompile Include="C:\blender-git\goo-engine\source\blender\editors\interface\interface_button_group.c">
      <Filter>Source Files</Filter>
    </ClCompile>
    <ClCompile Include="C:\blender-git\goo-engine\source\blender\editors\interface\interface_context_menu.c">
      <Filter>Source Files</Filter>
    </ClCompile>
    <ClCompile Include="C:\blender-git\goo-engine\source\blender\editors\interface\interface_context_path.cc">
      <Filter>Source Files</Filter>
    </ClCompile>
    <ClCompile Include="C:\blender-git\goo-engine\source\blender\editors\interface\interface_drag.cc">
      <Filter>Source Files</Filter>
    </ClCompile>
    <ClCompile Include="C:\blender-git\goo-engine\source\blender\editors\interface\interface_draw.c">
      <Filter>Source Files</Filter>
    </ClCompile>
    <ClCompile Include="C:\blender-git\goo-engine\source\blender\editors\interface\interface_dropboxes.cc">
      <Filter>Source Files</Filter>
    </ClCompile>
    <ClCompile Include="C:\blender-git\goo-engine\source\blender\editors\interface\interface_handlers.c">
      <Filter>Source Files</Filter>
    </ClCompile>
    <ClCompile Include="C:\blender-git\goo-engine\source\blender\editors\interface\interface_icons.c">
      <Filter>Source Files</Filter>
    </ClCompile>
    <ClCompile Include="C:\blender-git\goo-engine\source\blender\editors\interface\interface_icons_event.c">
      <Filter>Source Files</Filter>
    </ClCompile>
    <ClCompile Include="C:\blender-git\goo-engine\source\blender\editors\interface\interface_layout.c">
      <Filter>Source Files</Filter>
    </ClCompile>
    <ClCompile Include="C:\blender-git\goo-engine\source\blender\editors\interface\interface_ops.c">
      <Filter>Source Files</Filter>
    </ClCompile>
    <ClCompile Include="C:\blender-git\goo-engine\source\blender\editors\interface\interface_panel.c">
      <Filter>Source Files</Filter>
    </ClCompile>
    <ClCompile Include="C:\blender-git\goo-engine\source\blender\editors\interface\interface_query.cc">
      <Filter>Source Files</Filter>
    </ClCompile>
    <ClCompile Include="C:\blender-git\goo-engine\source\blender\editors\interface\interface_region_color_picker.cc">
      <Filter>Source Files</Filter>
    </ClCompile>
    <ClCompile Include="C:\blender-git\goo-engine\source\blender\editors\interface\interface_region_hud.cc">
      <Filter>Source Files</Filter>
    </ClCompile>
    <ClCompile Include="C:\blender-git\goo-engine\source\blender\editors\interface\interface_region_menu_pie.cc">
      <Filter>Source Files</Filter>
    </ClCompile>
    <ClCompile Include="C:\blender-git\goo-engine\source\blender\editors\interface\interface_region_menu_popup.cc">
      <Filter>Source Files</Filter>
    </ClCompile>
    <ClCompile Include="C:\blender-git\goo-engine\source\blender\editors\interface\interface_region_popover.cc">
      <Filter>Source Files</Filter>
    </ClCompile>
    <ClCompile Include="C:\blender-git\goo-engine\source\blender\editors\interface\interface_region_popup.cc">
      <Filter>Source Files</Filter>
    </ClCompile>
    <ClCompile Include="C:\blender-git\goo-engine\source\blender\editors\interface\interface_region_search.cc">
      <Filter>Source Files</Filter>
    </ClCompile>
    <ClCompile Include="C:\blender-git\goo-engine\source\blender\editors\interface\interface_region_tooltip.c">
      <Filter>Source Files</Filter>
    </ClCompile>
    <ClCompile Include="C:\blender-git\goo-engine\source\blender\editors\interface\interface_regions.cc">
      <Filter>Source Files</Filter>
    </ClCompile>
    <ClCompile Include="C:\blender-git\goo-engine\source\blender\editors\interface\interface_style.cc">
      <Filter>Source Files</Filter>
    </ClCompile>
    <ClCompile Include="C:\blender-git\goo-engine\source\blender\editors\interface\interface_template_asset_view.cc">
      <Filter>Source Files</Filter>
    </ClCompile>
    <ClCompile Include="C:\blender-git\goo-engine\source\blender\editors\interface\interface_template_attribute_search.cc">
      <Filter>Source Files</Filter>
    </ClCompile>
    <ClCompile Include="C:\blender-git\goo-engine\source\blender\editors\interface\interface_template_list.cc">
      <Filter>Source Files</Filter>
    </ClCompile>
    <ClCompile Include="C:\blender-git\goo-engine\source\blender\editors\interface\interface_template_search_menu.cc">
      <Filter>Source Files</Filter>
    </ClCompile>
    <ClCompile Include="C:\blender-git\goo-engine\source\blender\editors\interface\interface_template_search_operator.c">
      <Filter>Source Files</Filter>
    </ClCompile>
    <ClCompile Include="C:\blender-git\goo-engine\source\blender\editors\interface\interface_templates.c">
      <Filter>Source Files</Filter>
    </ClCompile>
    <ClCompile Include="C:\blender-git\goo-engine\source\blender\editors\interface\interface_undo.c">
      <Filter>Source Files</Filter>
    </ClCompile>
    <ClCompile Include="C:\blender-git\goo-engine\source\blender\editors\interface\interface_utils.cc">
      <Filter>Source Files</Filter>
    </ClCompile>
    <ClCompile Include="C:\blender-git\goo-engine\source\blender\editors\interface\interface_widgets.c">
      <Filter>Source Files</Filter>
    </ClCompile>
    <ClCompile Include="C:\blender-git\goo-engine\source\blender\editors\interface\resources.c">
      <Filter>Source Files</Filter>
    </ClCompile>
    <ClCompile Include="C:\blender-git\goo-engine\source\blender\editors\interface\view2d.cc">
      <Filter>Source Files</Filter>
    </ClCompile>
    <ClCompile Include="C:\blender-git\goo-engine\source\blender\editors\interface\view2d_draw.cc">
      <Filter>Source Files</Filter>
    </ClCompile>
    <ClCompile Include="C:\blender-git\goo-engine\source\blender\editors\interface\view2d_edge_pan.cc">
      <Filter>Source Files</Filter>
    </ClCompile>
    <ClCompile Include="C:\blender-git\goo-engine\source\blender\editors\interface\view2d_gizmo_navigate.cc">
      <Filter>Source Files</Filter>
    </ClCompile>
    <ClCompile Include="C:\blender-git\goo-engine\source\blender\editors\interface\view2d_ops.cc">
      <Filter>Source Files</Filter>
    </ClCompile>
    <ClCompile Include="C:\blender-git\goo-engine\source\blender\editors\interface\views\abstract_view.cc">
      <Filter>views</Filter>
    </ClCompile>
    <ClCompile Include="C:\blender-git\goo-engine\source\blender\editors\interface\views\abstract_view_item.cc">
      <Filter>views</Filter>
    </ClCompile>
    <ClCompile Include="C:\blender-git\goo-engine\source\blender\editors\interface\views\grid_view.cc">
      <Filter>views</Filter>
    </ClCompile>
    <ClCompile Include="C:\blender-git\goo-engine\source\blender\editors\interface\views\interface_view.cc">
      <Filter>views</Filter>
    </ClCompile>
    <ClCompile Include="C:\blender-git\goo-engine\source\blender\editors\interface\views\tree_view.cc">
      <Filter>views</Filter>
    </ClCompile>
  </ItemGroup>
  <ItemGroup>
    <ClInclude Include="C:\blender-git\goo-engine\source\blender\editors\interface\eyedroppers\eyedropper_intern.h">
      <Filter>eyedroppers</Filter>
    </ClInclude>
    <ClInclude Include="C:\blender-git\goo-engine\source\blender\editors\interface\interface_intern.h">
      <Filter>Header Files</Filter>
    </ClInclude>
    <ClInclude Include="C:\blender-git\goo-engine\source\blender\editors\interface\interface_regions_intern.h">
      <Filter>Header Files</Filter>
    </ClInclude>
  </ItemGroup>
  <ItemGroup>
    <CustomBuild Include="C:\blender-git\goo-engine\source\blender\editors\interface\CMakeLists.txt" />
  </ItemGroup>
  <ItemGroup>
    <Filter Include="Header Files">
      <UniqueIdentifier>{BF785239-3054-3D1C-9CBE-53CD9878A5F7}</UniqueIdentifier>
    </Filter>
    <Filter Include="Source Files">
      <UniqueIdentifier>{1F461DDB-8F37-3AFA-B6E0-78FA459DB46E}</UniqueIdentifier>
    </Filter>
    <Filter Include="eyedroppers">
      <UniqueIdentifier>{9DD8C060-CF8D-39A2-9995-FE09A1F85B6D}</UniqueIdentifier>
    </Filter>
    <Filter Include="views">
      <UniqueIdentifier>{19B58A12-71DE-3662-A7E0-2D18380F280B}</UniqueIdentifier>
    </Filter>
  </ItemGroup>
</Project>
