<?xml version="1.0" encoding="utf-8"?>
<Project ToolsVersion="16.0" xmlns="http://schemas.microsoft.com/developer/msbuild/2003">
  <ItemGroup>
    <ClCompile Include="C:\blender-git\goo-engine\source\blender\io\stl\IO_stl.cc">
      <Filter>Source Files</Filter>
    </ClCompile>
    <ClCompile Include="C:\blender-git\goo-engine\source\blender\io\stl\importer\stl_import_mesh.cc">
      <Filter>importer</Filter>
    </ClCompile>
    <ClCompile Include="C:\blender-git\goo-engine\source\blender\io\stl\importer\stl_import_ascii_reader.cc">
      <Filter>importer</Filter>
    </ClCompile>
    <ClCompile Include="C:\blender-git\goo-engine\source\blender\io\stl\importer\stl_import_binary_reader.cc">
      <Filter>importer</Filter>
    </ClCompile>
    <ClCompile Include="C:\blender-git\goo-engine\source\blender\io\stl\importer\stl_import.cc">
      <Filter>importer</Filter>
    </ClCompile>
  </ItemGroup>
  <ItemGroup>
    <ClInclude Include="C:\blender-git\goo-engine\source\blender\io\stl\IO_stl.h">
      <Filter>Header Files</Filter>
    </ClInclude>
    <ClInclude Include="C:\blender-git\goo-engine\source\blender\io\stl\importer\stl_import_mesh.hh">
      <Filter>importer</Filter>
    </ClInclude>
    <ClInclude Include="C:\blender-git\goo-engine\source\blender\io\stl\importer\stl_import_ascii_reader.hh">
      <Filter>importer</Filter>
    </ClInclude>
    <ClInclude Include="C:\blender-git\goo-engine\source\blender\io\stl\importer\stl_import_binary_reader.hh">
      <Filter>importer</Filter>
    </ClInclude>
    <ClInclude Include="C:\blender-git\goo-engine\source\blender\io\stl\importer\stl_import.hh">
      <Filter>importer</Filter>
    </ClInclude>
  </ItemGroup>
  <ItemGroup>
    <CustomBuild Include="C:\blender-git\goo-engine\source\blender\io\stl\CMakeLists.txt" />
  </ItemGroup>
  <ItemGroup>
    <Filter Include="Header Files">
      <UniqueIdentifier>{BF785239-3054-3D1C-9CBE-53CD9878A5F7}</UniqueIdentifier>
    </Filter>
    <Filter Include="Source Files">
      <UniqueIdentifier>{1F461DDB-8F37-3AFA-B6E0-78FA459DB46E}</UniqueIdentifier>
    </Filter>
    <Filter Include="importer">
      <UniqueIdentifier>{D9A9B5CC-42FA-36A5-B52A-C076B2B64C1C}</UniqueIdentifier>
    </Filter>
  </ItemGroup>
</Project>
