<?xml version="1.0" encoding="utf-8"?>
<Project ToolsVersion="16.0" xmlns="http://schemas.microsoft.com/developer/msbuild/2003">
  <ItemGroup>
    <ClCompile Include="C:\blender-git\goo-engine\source\blender\sequencer\intern\animation.c">
      <Filter>intern</Filter>
    </ClCompile>
    <ClCompile Include="C:\blender-git\goo-engine\source\blender\sequencer\intern\channels.c">
      <Filter>intern</Filter>
    </ClCompile>
    <ClCompile Include="C:\blender-git\goo-engine\source\blender\sequencer\intern\clipboard.c">
      <Filter>intern</Filter>
    </ClCompile>
    <ClCompile Include="C:\blender-git\goo-engine\source\blender\sequencer\intern\disk_cache.c">
      <Filter>intern</Filter>
    </ClCompile>
    <ClCompile Include="C:\blender-git\goo-engine\source\blender\sequencer\intern\effects.c">
      <Filter>intern</Filter>
    </ClCompile>
    <ClCompile Include="C:\blender-git\goo-engine\source\blender\sequencer\intern\image_cache.c">
      <Filter>intern</Filter>
    </ClCompile>
    <ClCompile Include="C:\blender-git\goo-engine\source\blender\sequencer\intern\iterator.c">
      <Filter>intern</Filter>
    </ClCompile>
    <ClCompile Include="C:\blender-git\goo-engine\source\blender\sequencer\intern\modifier.c">
      <Filter>intern</Filter>
    </ClCompile>
    <ClCompile Include="C:\blender-git\goo-engine\source\blender\sequencer\intern\multiview.c">
      <Filter>intern</Filter>
    </ClCompile>
    <ClCompile Include="C:\blender-git\goo-engine\source\blender\sequencer\intern\prefetch.c">
      <Filter>intern</Filter>
    </ClCompile>
    <ClCompile Include="C:\blender-git\goo-engine\source\blender\sequencer\intern\proxy.c">
      <Filter>intern</Filter>
    </ClCompile>
    <ClCompile Include="C:\blender-git\goo-engine\source\blender\sequencer\intern\proxy_job.c">
      <Filter>intern</Filter>
    </ClCompile>
    <ClCompile Include="C:\blender-git\goo-engine\source\blender\sequencer\intern\render.c">
      <Filter>intern</Filter>
    </ClCompile>
    <ClCompile Include="C:\blender-git\goo-engine\source\blender\sequencer\intern\sequence_lookup.c">
      <Filter>intern</Filter>
    </ClCompile>
    <ClCompile Include="C:\blender-git\goo-engine\source\blender\sequencer\intern\sequencer.c">
      <Filter>intern</Filter>
    </ClCompile>
    <ClCompile Include="C:\blender-git\goo-engine\source\blender\sequencer\intern\sound.c">
      <Filter>intern</Filter>
    </ClCompile>
    <ClCompile Include="C:\blender-git\goo-engine\source\blender\sequencer\intern\strip_add.c">
      <Filter>intern</Filter>
    </ClCompile>
    <ClCompile Include="C:\blender-git\goo-engine\source\blender\sequencer\intern\strip_edit.c">
      <Filter>intern</Filter>
    </ClCompile>
    <ClCompile Include="C:\blender-git\goo-engine\source\blender\sequencer\intern\strip_relations.c">
      <Filter>intern</Filter>
    </ClCompile>
    <ClCompile Include="C:\blender-git\goo-engine\source\blender\sequencer\intern\strip_select.c">
      <Filter>intern</Filter>
    </ClCompile>
    <ClCompile Include="C:\blender-git\goo-engine\source\blender\sequencer\intern\strip_time.c">
      <Filter>intern</Filter>
    </ClCompile>
    <ClCompile Include="C:\blender-git\goo-engine\source\blender\sequencer\intern\strip_transform.c">
      <Filter>intern</Filter>
    </ClCompile>
    <ClCompile Include="C:\blender-git\goo-engine\source\blender\sequencer\intern\utils.c">
      <Filter>intern</Filter>
    </ClCompile>
  </ItemGroup>
  <ItemGroup>
    <ClInclude Include="C:\blender-git\goo-engine\source\blender\sequencer\SEQ_add.h">
      <Filter>Header Files</Filter>
    </ClInclude>
    <ClInclude Include="C:\blender-git\goo-engine\source\blender\sequencer\SEQ_animation.h">
      <Filter>Header Files</Filter>
    </ClInclude>
    <ClInclude Include="C:\blender-git\goo-engine\source\blender\sequencer\SEQ_channels.h">
      <Filter>Header Files</Filter>
    </ClInclude>
    <ClInclude Include="C:\blender-git\goo-engine\source\blender\sequencer\SEQ_clipboard.h">
      <Filter>Header Files</Filter>
    </ClInclude>
    <ClInclude Include="C:\blender-git\goo-engine\source\blender\sequencer\SEQ_edit.h">
      <Filter>Header Files</Filter>
    </ClInclude>
    <ClInclude Include="C:\blender-git\goo-engine\source\blender\sequencer\SEQ_effects.h">
      <Filter>Header Files</Filter>
    </ClInclude>
    <ClInclude Include="C:\blender-git\goo-engine\source\blender\sequencer\SEQ_iterator.h">
      <Filter>Header Files</Filter>
    </ClInclude>
    <ClInclude Include="C:\blender-git\goo-engine\source\blender\sequencer\SEQ_modifier.h">
      <Filter>Header Files</Filter>
    </ClInclude>
    <ClInclude Include="C:\blender-git\goo-engine\source\blender\sequencer\SEQ_prefetch.h">
      <Filter>Header Files</Filter>
    </ClInclude>
    <ClInclude Include="C:\blender-git\goo-engine\source\blender\sequencer\SEQ_proxy.h">
      <Filter>Header Files</Filter>
    </ClInclude>
    <ClInclude Include="C:\blender-git\goo-engine\source\blender\sequencer\SEQ_relations.h">
      <Filter>Header Files</Filter>
    </ClInclude>
    <ClInclude Include="C:\blender-git\goo-engine\source\blender\sequencer\SEQ_render.h">
      <Filter>Header Files</Filter>
    </ClInclude>
    <ClInclude Include="C:\blender-git\goo-engine\source\blender\sequencer\SEQ_select.h">
      <Filter>Header Files</Filter>
    </ClInclude>
    <ClInclude Include="C:\blender-git\goo-engine\source\blender\sequencer\SEQ_sequencer.h">
      <Filter>Header Files</Filter>
    </ClInclude>
    <ClInclude Include="C:\blender-git\goo-engine\source\blender\sequencer\SEQ_sound.h">
      <Filter>Header Files</Filter>
    </ClInclude>
    <ClInclude Include="C:\blender-git\goo-engine\source\blender\sequencer\SEQ_time.h">
      <Filter>Header Files</Filter>
    </ClInclude>
    <ClInclude Include="C:\blender-git\goo-engine\source\blender\sequencer\SEQ_transform.h">
      <Filter>Header Files</Filter>
    </ClInclude>
    <ClInclude Include="C:\blender-git\goo-engine\source\blender\sequencer\SEQ_utils.h">
      <Filter>Header Files</Filter>
    </ClInclude>
    <ClInclude Include="C:\blender-git\goo-engine\source\blender\sequencer\intern\disk_cache.h">
      <Filter>intern</Filter>
    </ClInclude>
    <ClInclude Include="C:\blender-git\goo-engine\source\blender\sequencer\intern\effects.h">
      <Filter>intern</Filter>
    </ClInclude>
    <ClInclude Include="C:\blender-git\goo-engine\source\blender\sequencer\intern\image_cache.h">
      <Filter>intern</Filter>
    </ClInclude>
    <ClInclude Include="C:\blender-git\goo-engine\source\blender\sequencer\intern\multiview.h">
      <Filter>intern</Filter>
    </ClInclude>
    <ClInclude Include="C:\blender-git\goo-engine\source\blender\sequencer\intern\prefetch.h">
      <Filter>intern</Filter>
    </ClInclude>
    <ClInclude Include="C:\blender-git\goo-engine\source\blender\sequencer\intern\proxy.h">
      <Filter>intern</Filter>
    </ClInclude>
    <ClInclude Include="C:\blender-git\goo-engine\source\blender\sequencer\intern\render.h">
      <Filter>intern</Filter>
    </ClInclude>
    <ClInclude Include="C:\blender-git\goo-engine\source\blender\sequencer\intern\sequencer.h">
      <Filter>intern</Filter>
    </ClInclude>
    <ClInclude Include="C:\blender-git\goo-engine\source\blender\sequencer\intern\strip_time.h">
      <Filter>intern</Filter>
    </ClInclude>
    <ClInclude Include="C:\blender-git\goo-engine\source\blender\sequencer\intern\utils.h">
      <Filter>intern</Filter>
    </ClInclude>
  </ItemGroup>
  <ItemGroup>
    <CustomBuild Include="C:\blender-git\goo-engine\source\blender\sequencer\CMakeLists.txt" />
  </ItemGroup>
  <ItemGroup>
    <Filter Include="Header Files">
      <UniqueIdentifier>{BF785239-3054-3D1C-9CBE-53CD9878A5F7}</UniqueIdentifier>
    </Filter>
    <Filter Include="intern">
      <UniqueIdentifier>{017BFF33-8AB9-35B3-9AF4-ED3EEF867E66}</UniqueIdentifier>
    </Filter>
  </ItemGroup>
</Project>
