<?xml version="1.0" encoding="utf-8"?>
<Project ToolsVersion="16.0" xmlns="http://schemas.microsoft.com/developer/msbuild/2003">
  <ItemGroup>
    <ClCompile Include="C:\blender-git\goo-engine\source\blender\blenlib\intern\BLI_assert.c">
      <Filter>Source Files</Filter>
    </ClCompile>
    <ClCompile Include="C:\blender-git\goo-engine\source\blender\blenlib\intern\BLI_ghash.c">
      <Filter>Source Files</Filter>
    </ClCompile>
    <ClCompile Include="C:\blender-git\goo-engine\source\blender\blenlib\intern\BLI_ghash_utils.c">
      <Filter>Source Files</Filter>
    </ClCompile>
    <ClCompile Include="C:\blender-git\goo-engine\source\blender\blenlib\intern\BLI_linklist.c">
      <Filter>Source Files</Filter>
    </ClCompile>
    <ClCompile Include="C:\blender-git\goo-engine\source\blender\blenlib\intern\BLI_memarena.c">
      <Filter>Source Files</Filter>
    </ClCompile>
    <ClCompile Include="C:\blender-git\goo-engine\source\blender\blenlib\intern\BLI_mempool.c">
      <Filter>Source Files</Filter>
    </ClCompile>
    <ClCompile Include="C:\blender-git\goo-engine\source\blender\blenlib\intern\endian_switch.c">
      <Filter>Source Files</Filter>
    </ClCompile>
    <ClCompile Include="C:\blender-git\goo-engine\source\blender\blenlib\intern\hash_mm2a.c">
      <Filter>Source Files</Filter>
    </ClCompile>
    <ClCompile Include="C:\blender-git\goo-engine\source\blender\blenlib\intern\listbase.c">
      <Filter>Source Files</Filter>
    </ClCompile>
  </ItemGroup>
  <ItemGroup>
    <ClInclude Include="C:\blender-git\goo-engine\source\blender\makesdna\DNA_armature_defaults.h">
      <Filter>Header Files</Filter>
    </ClInclude>
    <ClInclude Include="C:\blender-git\goo-engine\source\blender\makesdna\DNA_asset_defaults.h">
      <Filter>Header Files</Filter>
    </ClInclude>
    <ClInclude Include="C:\blender-git\goo-engine\source\blender\makesdna\DNA_brush_defaults.h">
      <Filter>Header Files</Filter>
    </ClInclude>
    <ClInclude Include="C:\blender-git\goo-engine\source\blender\makesdna\DNA_cachefile_defaults.h">
      <Filter>Header Files</Filter>
    </ClInclude>
    <ClInclude Include="C:\blender-git\goo-engine\source\blender\makesdna\DNA_camera_defaults.h">
      <Filter>Header Files</Filter>
    </ClInclude>
    <ClInclude Include="C:\blender-git\goo-engine\source\blender\makesdna\DNA_collection_defaults.h">
      <Filter>Header Files</Filter>
    </ClInclude>
    <ClInclude Include="C:\blender-git\goo-engine\source\blender\makesdna\DNA_curve_defaults.h">
      <Filter>Header Files</Filter>
    </ClInclude>
    <ClInclude Include="C:\blender-git\goo-engine\source\blender\makesdna\DNA_curves_defaults.h">
      <Filter>Header Files</Filter>
    </ClInclude>
    <ClInclude Include="C:\blender-git\goo-engine\source\blender\makesdna\DNA_defaults.h">
      <Filter>Header Files</Filter>
    </ClInclude>
    <ClInclude Include="C:\blender-git\goo-engine\source\blender\makesdna\DNA_fluid_defaults.h">
      <Filter>Header Files</Filter>
    </ClInclude>
    <ClInclude Include="C:\blender-git\goo-engine\source\blender\makesdna\DNA_gpencil_modifier_defaults.h">
      <Filter>Header Files</Filter>
    </ClInclude>
    <ClInclude Include="C:\blender-git\goo-engine\source\blender\makesdna\DNA_image_defaults.h">
      <Filter>Header Files</Filter>
    </ClInclude>
    <ClInclude Include="C:\blender-git\goo-engine\source\blender\makesdna\DNA_lattice_defaults.h">
      <Filter>Header Files</Filter>
    </ClInclude>
    <ClInclude Include="C:\blender-git\goo-engine\source\blender\makesdna\DNA_light_defaults.h">
      <Filter>Header Files</Filter>
    </ClInclude>
    <ClInclude Include="C:\blender-git\goo-engine\source\blender\makesdna\DNA_lightprobe_defaults.h">
      <Filter>Header Files</Filter>
    </ClInclude>
    <ClInclude Include="C:\blender-git\goo-engine\source\blender\makesdna\DNA_linestyle_defaults.h">
      <Filter>Header Files</Filter>
    </ClInclude>
    <ClInclude Include="C:\blender-git\goo-engine\source\blender\makesdna\DNA_material_defaults.h">
      <Filter>Header Files</Filter>
    </ClInclude>
    <ClInclude Include="C:\blender-git\goo-engine\source\blender\makesdna\DNA_mesh_defaults.h">
      <Filter>Header Files</Filter>
    </ClInclude>
    <ClInclude Include="C:\blender-git\goo-engine\source\blender\makesdna\DNA_meta_defaults.h">
      <Filter>Header Files</Filter>
    </ClInclude>
    <ClInclude Include="C:\blender-git\goo-engine\source\blender\makesdna\DNA_modifier_defaults.h">
      <Filter>Header Files</Filter>
    </ClInclude>
    <ClInclude Include="C:\blender-git\goo-engine\source\blender\makesdna\DNA_movieclip_defaults.h">
      <Filter>Header Files</Filter>
    </ClInclude>
    <ClInclude Include="C:\blender-git\goo-engine\source\blender\makesdna\DNA_object_defaults.h">
      <Filter>Header Files</Filter>
    </ClInclude>
    <ClInclude Include="C:\blender-git\goo-engine\source\blender\makesdna\DNA_particle_defaults.h">
      <Filter>Header Files</Filter>
    </ClInclude>
    <ClInclude Include="C:\blender-git\goo-engine\source\blender\makesdna\DNA_pointcloud_defaults.h">
      <Filter>Header Files</Filter>
    </ClInclude>
    <ClInclude Include="C:\blender-git\goo-engine\source\blender\makesdna\DNA_scene_defaults.h">
      <Filter>Header Files</Filter>
    </ClInclude>
    <ClInclude Include="C:\blender-git\goo-engine\source\blender\makesdna\DNA_simulation_defaults.h">
      <Filter>Header Files</Filter>
    </ClInclude>
    <ClInclude Include="C:\blender-git\goo-engine\source\blender\makesdna\DNA_space_defaults.h">
      <Filter>Header Files</Filter>
    </ClInclude>
    <ClInclude Include="C:\blender-git\goo-engine\source\blender\makesdna\DNA_speaker_defaults.h">
      <Filter>Header Files</Filter>
    </ClInclude>
    <ClInclude Include="C:\blender-git\goo-engine\source\blender\makesdna\DNA_texture_defaults.h">
      <Filter>Header Files</Filter>
    </ClInclude>
    <ClInclude Include="C:\blender-git\goo-engine\source\blender\makesdna\DNA_vec_defaults.h">
      <Filter>Header Files</Filter>
    </ClInclude>
    <ClInclude Include="C:\blender-git\goo-engine\source\blender\makesdna\DNA_view3d_defaults.h">
      <Filter>Header Files</Filter>
    </ClInclude>
    <ClInclude Include="C:\blender-git\goo-engine\source\blender\makesdna\DNA_volume_defaults.h">
      <Filter>Header Files</Filter>
    </ClInclude>
    <ClInclude Include="C:\blender-git\goo-engine\source\blender\makesdna\DNA_world_defaults.h">
      <Filter>Header Files</Filter>
    </ClInclude>
  </ItemGroup>
  <ItemGroup>
    <CustomBuild Include="C:\blender-git\goo-engine\source\blender\makesdna\intern\CMakeLists.txt" />
  </ItemGroup>
  <ItemGroup>
    <Filter Include="Header Files">
      <UniqueIdentifier>{BF785239-3054-3D1C-9CBE-53CD9878A5F7}</UniqueIdentifier>
    </Filter>
    <Filter Include="Source Files">
      <UniqueIdentifier>{1F461DDB-8F37-3AFA-B6E0-78FA459DB46E}</UniqueIdentifier>
    </Filter>
  </ItemGroup>
</Project>
