<?xml version="1.0" encoding="utf-8"?>
<Project ToolsVersion="16.0" xmlns="http://schemas.microsoft.com/developer/msbuild/2003">
  <ItemGroup>
    <ClCompile Include="C:\blender-git\goo-engine\source\blender\io\alembic\intern\abc_axis_conversion.cc">
      <Filter>intern</Filter>
    </ClCompile>
    <ClCompile Include="C:\blender-git\goo-engine\source\blender\io\alembic\intern\abc_customdata.cc">
      <Filter>intern</Filter>
    </ClCompile>
    <ClCompile Include="C:\blender-git\goo-engine\source\blender\io\alembic\intern\abc_reader_archive.cc">
      <Filter>intern</Filter>
    </ClCompile>
    <ClCompile Include="C:\blender-git\goo-engine\source\blender\io\alembic\intern\abc_reader_camera.cc">
      <Filter>intern</Filter>
    </ClCompile>
    <ClCompile Include="C:\blender-git\goo-engine\source\blender\io\alembic\intern\abc_reader_curves.cc">
      <Filter>intern</Filter>
    </ClCompile>
    <ClCompile Include="C:\blender-git\goo-engine\source\blender\io\alembic\intern\abc_reader_mesh.cc">
      <Filter>intern</Filter>
    </ClCompile>
    <ClCompile Include="C:\blender-git\goo-engine\source\blender\io\alembic\intern\abc_reader_nurbs.cc">
      <Filter>intern</Filter>
    </ClCompile>
    <ClCompile Include="C:\blender-git\goo-engine\source\blender\io\alembic\intern\abc_reader_object.cc">
      <Filter>intern</Filter>
    </ClCompile>
    <ClCompile Include="C:\blender-git\goo-engine\source\blender\io\alembic\intern\abc_reader_points.cc">
      <Filter>intern</Filter>
    </ClCompile>
    <ClCompile Include="C:\blender-git\goo-engine\source\blender\io\alembic\intern\abc_reader_transform.cc">
      <Filter>intern</Filter>
    </ClCompile>
    <ClCompile Include="C:\blender-git\goo-engine\source\blender\io\alembic\intern\abc_util.cc">
      <Filter>intern</Filter>
    </ClCompile>
    <ClCompile Include="C:\blender-git\goo-engine\source\blender\io\alembic\intern\alembic_capi.cc">
      <Filter>intern</Filter>
    </ClCompile>
    <ClCompile Include="C:\blender-git\goo-engine\source\blender\io\alembic\exporter\abc_archive.cc">
      <Filter>exporter</Filter>
    </ClCompile>
    <ClCompile Include="C:\blender-git\goo-engine\source\blender\io\alembic\exporter\abc_custom_props.cc">
      <Filter>exporter</Filter>
    </ClCompile>
    <ClCompile Include="C:\blender-git\goo-engine\source\blender\io\alembic\exporter\abc_export_capi.cc">
      <Filter>exporter</Filter>
    </ClCompile>
    <ClCompile Include="C:\blender-git\goo-engine\source\blender\io\alembic\exporter\abc_hierarchy_iterator.cc">
      <Filter>exporter</Filter>
    </ClCompile>
    <ClCompile Include="C:\blender-git\goo-engine\source\blender\io\alembic\exporter\abc_subdiv_disabler.cc">
      <Filter>exporter</Filter>
    </ClCompile>
    <ClCompile Include="C:\blender-git\goo-engine\source\blender\io\alembic\exporter\abc_writer_abstract.cc">
      <Filter>exporter</Filter>
    </ClCompile>
    <ClCompile Include="C:\blender-git\goo-engine\source\blender\io\alembic\exporter\abc_writer_camera.cc">
      <Filter>exporter</Filter>
    </ClCompile>
    <ClCompile Include="C:\blender-git\goo-engine\source\blender\io\alembic\exporter\abc_writer_curves.cc">
      <Filter>exporter</Filter>
    </ClCompile>
    <ClCompile Include="C:\blender-git\goo-engine\source\blender\io\alembic\exporter\abc_writer_hair.cc">
      <Filter>exporter</Filter>
    </ClCompile>
    <ClCompile Include="C:\blender-git\goo-engine\source\blender\io\alembic\exporter\abc_writer_instance.cc">
      <Filter>exporter</Filter>
    </ClCompile>
    <ClCompile Include="C:\blender-git\goo-engine\source\blender\io\alembic\exporter\abc_writer_mball.cc">
      <Filter>exporter</Filter>
    </ClCompile>
    <ClCompile Include="C:\blender-git\goo-engine\source\blender\io\alembic\exporter\abc_writer_mesh.cc">
      <Filter>exporter</Filter>
    </ClCompile>
    <ClCompile Include="C:\blender-git\goo-engine\source\blender\io\alembic\exporter\abc_writer_nurbs.cc">
      <Filter>exporter</Filter>
    </ClCompile>
    <ClCompile Include="C:\blender-git\goo-engine\source\blender\io\alembic\exporter\abc_writer_points.cc">
      <Filter>exporter</Filter>
    </ClCompile>
    <ClCompile Include="C:\blender-git\goo-engine\source\blender\io\alembic\exporter\abc_writer_transform.cc">
      <Filter>exporter</Filter>
    </ClCompile>
  </ItemGroup>
  <ItemGroup>
    <ClInclude Include="C:\blender-git\goo-engine\source\blender\io\alembic\ABC_alembic.h">
      <Filter>Header Files</Filter>
    </ClInclude>
    <ClInclude Include="C:\blender-git\goo-engine\source\blender\io\alembic\intern\abc_axis_conversion.h">
      <Filter>intern</Filter>
    </ClInclude>
    <ClInclude Include="C:\blender-git\goo-engine\source\blender\io\alembic\intern\abc_customdata.h">
      <Filter>intern</Filter>
    </ClInclude>
    <ClInclude Include="C:\blender-git\goo-engine\source\blender\io\alembic\intern\abc_reader_archive.h">
      <Filter>intern</Filter>
    </ClInclude>
    <ClInclude Include="C:\blender-git\goo-engine\source\blender\io\alembic\intern\abc_reader_camera.h">
      <Filter>intern</Filter>
    </ClInclude>
    <ClInclude Include="C:\blender-git\goo-engine\source\blender\io\alembic\intern\abc_reader_curves.h">
      <Filter>intern</Filter>
    </ClInclude>
    <ClInclude Include="C:\blender-git\goo-engine\source\blender\io\alembic\intern\abc_reader_mesh.h">
      <Filter>intern</Filter>
    </ClInclude>
    <ClInclude Include="C:\blender-git\goo-engine\source\blender\io\alembic\intern\abc_reader_nurbs.h">
      <Filter>intern</Filter>
    </ClInclude>
    <ClInclude Include="C:\blender-git\goo-engine\source\blender\io\alembic\intern\abc_reader_object.h">
      <Filter>intern</Filter>
    </ClInclude>
    <ClInclude Include="C:\blender-git\goo-engine\source\blender\io\alembic\intern\abc_reader_points.h">
      <Filter>intern</Filter>
    </ClInclude>
    <ClInclude Include="C:\blender-git\goo-engine\source\blender\io\alembic\intern\abc_reader_transform.h">
      <Filter>intern</Filter>
    </ClInclude>
    <ClInclude Include="C:\blender-git\goo-engine\source\blender\io\alembic\intern\abc_util.h">
      <Filter>intern</Filter>
    </ClInclude>
    <ClInclude Include="C:\blender-git\goo-engine\source\blender\io\alembic\exporter\abc_archive.h">
      <Filter>exporter</Filter>
    </ClInclude>
    <ClInclude Include="C:\blender-git\goo-engine\source\blender\io\alembic\exporter\abc_custom_props.h">
      <Filter>exporter</Filter>
    </ClInclude>
    <ClInclude Include="C:\blender-git\goo-engine\source\blender\io\alembic\exporter\abc_hierarchy_iterator.h">
      <Filter>exporter</Filter>
    </ClInclude>
    <ClInclude Include="C:\blender-git\goo-engine\source\blender\io\alembic\exporter\abc_subdiv_disabler.h">
      <Filter>exporter</Filter>
    </ClInclude>
    <ClInclude Include="C:\blender-git\goo-engine\source\blender\io\alembic\exporter\abc_writer_abstract.h">
      <Filter>exporter</Filter>
    </ClInclude>
    <ClInclude Include="C:\blender-git\goo-engine\source\blender\io\alembic\exporter\abc_writer_camera.h">
      <Filter>exporter</Filter>
    </ClInclude>
    <ClInclude Include="C:\blender-git\goo-engine\source\blender\io\alembic\exporter\abc_writer_curves.h">
      <Filter>exporter</Filter>
    </ClInclude>
    <ClInclude Include="C:\blender-git\goo-engine\source\blender\io\alembic\exporter\abc_writer_hair.h">
      <Filter>exporter</Filter>
    </ClInclude>
    <ClInclude Include="C:\blender-git\goo-engine\source\blender\io\alembic\exporter\abc_writer_instance.h">
      <Filter>exporter</Filter>
    </ClInclude>
    <ClInclude Include="C:\blender-git\goo-engine\source\blender\io\alembic\exporter\abc_writer_mball.h">
      <Filter>exporter</Filter>
    </ClInclude>
    <ClInclude Include="C:\blender-git\goo-engine\source\blender\io\alembic\exporter\abc_writer_mesh.h">
      <Filter>exporter</Filter>
    </ClInclude>
    <ClInclude Include="C:\blender-git\goo-engine\source\blender\io\alembic\exporter\abc_writer_nurbs.h">
      <Filter>exporter</Filter>
    </ClInclude>
    <ClInclude Include="C:\blender-git\goo-engine\source\blender\io\alembic\exporter\abc_writer_points.h">
      <Filter>exporter</Filter>
    </ClInclude>
    <ClInclude Include="C:\blender-git\goo-engine\source\blender\io\alembic\exporter\abc_writer_transform.h">
      <Filter>exporter</Filter>
    </ClInclude>
  </ItemGroup>
  <ItemGroup>
    <CustomBuild Include="C:\blender-git\goo-engine\source\blender\io\alembic\CMakeLists.txt" />
  </ItemGroup>
  <ItemGroup>
    <Filter Include="Header Files">
      <UniqueIdentifier>{BF785239-3054-3D1C-9CBE-53CD9878A5F7}</UniqueIdentifier>
    </Filter>
    <Filter Include="exporter">
      <UniqueIdentifier>{8ABAC6D5-4AD6-3A76-9BFD-164B7C1B529B}</UniqueIdentifier>
    </Filter>
    <Filter Include="intern">
      <UniqueIdentifier>{017BFF33-8AB9-35B3-9AF4-ED3EEF867E66}</UniqueIdentifier>
    </Filter>
  </ItemGroup>
</Project>
